
Microsoft Visual Studio Solution File, Format Version 12.00
# Visual Studio 2013
VisualStudioVersion = 12.0.21005.1
MinimumVisualStudioVersion = 10.0.40219.1
Project("{FAE04EC0-301F-11D3-BF4B-00C04F79EFBC}") = "MEIKReport", "MEIKReport\MEIKReport.csproj", "{D4D767BA-C05E-4E4A-96C2-B464617EE501}"
EndProject
Project("{FAE04EC0-301F-11D3-BF4B-00C04F79EFBC}") = "MeikControlLibrary", "MeikControlLibrary\MeikControlLibrary.csproj", "{51748D55-D48F-485B-8106-422BC9382F30}"
EndProject
Project("{6141683F-8A12-4E36-9623-2EB02B2C2303}") = "SetupPackage", "SetupPackage\SetupPackage.isproj", "{97A000A9-C514-457C-ABB7-6B35FA969F92}"
EndProject
Global
	GlobalSection(SolutionConfigurationPlatforms) = preSolution
		CD_ROM|Any CPU = CD_ROM|Any CPU
		Debug|Any CPU = Debug|Any CPU
		DVD-5|Any CPU = DVD-5|Any CPU
		Release|Any CPU = Release|Any CPU
		SingleImage|Any CPU = SingleImage|Any CPU
	EndGlobalSection
	GlobalSection(ProjectConfigurationPlatforms) = postSolution
		{D4D767BA-C05E-4E4A-96C2-B464617EE501}.CD_ROM|Any CPU.ActiveCfg = Release|Any CPU
		{D4D767BA-C05E-4E4A-96C2-B464617EE501}.CD_ROM|Any CPU.Build.0 = Release|Any CPU
		{D4D767BA-C05E-4E4A-96C2-B464617EE501}.Debug|Any CPU.ActiveCfg = Debug|Any CPU
		{D4D767BA-C05E-4E4A-96C2-B464617EE501}.Debug|Any CPU.Build.0 = Debug|Any CPU
		{D4D767BA-C05E-4E4A-96C2-B464617EE501}.DVD-5|Any CPU.ActiveCfg = Debug|Any CPU
		{D4D767BA-C05E-4E4A-96C2-B464617EE501}.DVD-5|Any CPU.Build.0 = Debug|Any CPU
		{D4D767BA-C05E-4E4A-96C2-B464617EE501}.Release|Any CPU.ActiveCfg = Release|Any CPU
		{D4D767BA-C05E-4E4A-96C2-B464617EE501}.Release|Any CPU.Build.0 = Release|Any CPU
		{D4D767BA-C05E-4E4A-96C2-B464617EE501}.SingleImage|Any CPU.ActiveCfg = Release|Any CPU
		{D4D767BA-C05E-4E4A-96C2-B464617EE501}.SingleImage|Any CPU.Build.0 = Release|Any CPU
		{51748D55-D48F-485B-8106-422BC9382F30}.CD_ROM|Any CPU.ActiveCfg = Release|Any CPU
		{51748D55-D48F-485B-8106-422BC9382F30}.CD_ROM|Any CPU.Build.0 = Release|Any CPU
		{51748D55-D48F-485B-8106-422BC9382F30}.Debug|Any CPU.ActiveCfg = Debug|Any CPU
		{51748D55-D48F-485B-8106-422BC9382F30}.Debug|Any CPU.Build.0 = Debug|Any CPU
		{51748D55-D48F-485B-8106-422BC9382F30}.DVD-5|Any CPU.ActiveCfg = Debug|Any CPU
		{51748D55-D48F-485B-8106-422BC9382F30}.DVD-5|Any CPU.Build.0 = Debug|Any CPU
		{51748D55-D48F-485B-8106-422BC9382F30}.Release|Any CPU.ActiveCfg = Release|Any CPU
		{51748D55-D48F-485B-8106-422BC9382F30}.Release|Any CPU.Build.0 = Release|Any CPU
		{51748D55-D48F-485B-8106-422BC9382F30}.SingleImage|Any CPU.ActiveCfg = Release|Any CPU
		{51748D55-D48F-485B-8106-422BC9382F30}.SingleImage|Any CPU.Build.0 = Release|Any CPU
		{97A000A9-C514-457C-ABB7-6B35FA969F92}.CD_ROM|Any CPU.ActiveCfg = CD_ROM
		{97A000A9-C514-457C-ABB7-6B35FA969F92}.CD_ROM|Any CPU.Build.0 = CD_ROM
		{97A000A9-C514-457C-ABB7-6B35FA969F92}.Debug|Any CPU.ActiveCfg = SingleImage
		{97A000A9-C514-457C-ABB7-6B35FA969F92}.Debug|Any CPU.Build.0 = SingleImage
		{97A000A9-C514-457C-ABB7-6B35FA969F92}.DVD-5|Any CPU.ActiveCfg = DVD-5
		{97A000A9-C514-457C-ABB7-6B35FA969F92}.DVD-5|Any CPU.Build.0 = DVD-5
		{97A000A9-C514-457C-ABB7-6B35FA969F92}.Release|Any CPU.ActiveCfg = SingleImage
		{97A000A9-C514-457C-ABB7-6B35FA969F92}.Release|Any CPU.Build.0 = SingleImage
		{97A000A9-C514-457C-ABB7-6B35FA969F92}.SingleImage|Any CPU.ActiveCfg = SingleImage
		{97A000A9-C514-457C-ABB7-6B35FA969F92}.SingleImage|Any CPU.Build.0 = SingleImage
	EndGlobalSection
	GlobalSection(SolutionProperties) = preSolution
		HideSolutionNode = FALSE
	EndGlobalSection
EndGlobal
