
Microsoft Visual Studio Solution File, Format Version 12.00
# Visual Studio 2013
VisualStudioVersion = 12.0.21005.1
MinimumVisualStudioVersion = 10.0.40219.1
Project("{FAE04EC0-301F-11D3-BF4B-00C04F79EFBC}") = "MEIKReport", "MEIKReport\MEIKReport.csproj", "{D4D767BA-C05E-4E4A-96C2-B464617EE501}"
EndProject
Project("{FAE04EC0-301F-11D3-BF4B-00C04F79EFBC}") = "MeikControlLibrary", "MeikControlLibrary\MeikControlLibrary.csproj", "{51748D55-D48F-485B-8106-422BC9382F30}"
EndProject
Global
	GlobalSection(SolutionConfigurationPlatforms) = preSolution
		Debug|Any CPU = Debug|Any CPU
		Release|Any CPU = Release|Any CPU
	EndGlobalSection
	GlobalSection(ProjectConfigurationPlatforms) = postSolution
		{D4D767BA-C05E-4E4A-96C2-B464617EE501}.Debug|Any CPU.ActiveCfg = Debug|Any CPU
		{D4D767BA-C05E-4E4A-96C2-B464617EE501}.Debug|Any CPU.Build.0 = Debug|Any CPU
		{D4D767BA-C05E-4E4A-96C2-B464617EE501}.Release|Any CPU.ActiveCfg = Release|Any CPU
		{D4D767BA-C05E-4E4A-96C2-B464617EE501}.Release|Any CPU.Build.0 = Release|Any CPU
		{51748D55-D48F-485B-8106-422BC9382F30}.Debug|Any CPU.ActiveCfg = Debug|Any CPU
		{51748D55-D48F-485B-8106-422BC9382F30}.Debug|Any CPU.Build.0 = Debug|Any CPU
		{51748D55-D48F-485B-8106-422BC9382F30}.Release|Any CPU.ActiveCfg = Release|Any CPU
		{51748D55-D48F-485B-8106-422BC9382F30}.Release|Any CPU.Build.0 = Release|Any CPU
	EndGlobalSection
	GlobalSection(SolutionProperties) = preSolution
		HideSolutionNode = FALSE
	EndGlobalSection
EndGlobal
